
Microsoft Visual Studio Solution File, Format Version 12.00
# Visual Studio Version 16
VisualStudioVersion = 25.0.1705.0
MinimumVisualStudioVersion = 10.0.40219.1
Project("{FAE04EC0-301F-11D3-BF4B-00C04F79EFBC}") = "Core", "Core\Core.csproj", "{2113E320-961E-429E-8616-A51E76A422C5}"
EndProject
Project("{FAE04EC0-301F-11D3-BF4B-00C04F79EFBC}") = "Data", "Data\Data.csproj", "{922BC247-3251-4CBA-9257-F2DAE86C7E1C}"
EndProject
Project("{FAE04EC0-301F-11D3-BF4B-00C04F79EFBC}") = "Presentation", "Presentation\Presentation.csproj", "{68BCCB00-A4D5-4547-8839-756213FC1CD6}"
EndProject
Global
	GlobalSection(SolutionConfigurationPlatforms) = preSolution
		Debug|Any CPU = Debug|Any CPU
		Release|Any CPU = Release|Any CPU
	EndGlobalSection
	GlobalSection(ProjectConfigurationPlatforms) = postSolution
		{2113E320-961E-429E-8616-A51E76A422C5}.Debug|Any CPU.ActiveCfg = Debug|Any CPU
		{2113E320-961E-429E-8616-A51E76A422C5}.Debug|Any CPU.Build.0 = Debug|Any CPU
		{2113E320-961E-429E-8616-A51E76A422C5}.Release|Any CPU.ActiveCfg = Release|Any CPU
		{2113E320-961E-429E-8616-A51E76A422C5}.Release|Any CPU.Build.0 = Release|Any CPU
		{922BC247-3251-4CBA-9257-F2DAE86C7E1C}.Debug|Any CPU.ActiveCfg = Debug|Any CPU
		{922BC247-3251-4CBA-9257-F2DAE86C7E1C}.Debug|Any CPU.Build.0 = Debug|Any CPU
		{922BC247-3251-4CBA-9257-F2DAE86C7E1C}.Release|Any CPU.ActiveCfg = Release|Any CPU
		{922BC247-3251-4CBA-9257-F2DAE86C7E1C}.Release|Any CPU.Build.0 = Release|Any CPU
		{68BCCB00-A4D5-4547-8839-756213FC1CD6}.Debug|Any CPU.ActiveCfg = Debug|Any CPU
		{68BCCB00-A4D5-4547-8839-756213FC1CD6}.Debug|Any CPU.Build.0 = Debug|Any CPU
		{68BCCB00-A4D5-4547-8839-756213FC1CD6}.Release|Any CPU.ActiveCfg = Release|Any CPU
		{68BCCB00-A4D5-4547-8839-756213FC1CD6}.Release|Any CPU.Build.0 = Release|Any CPU
	EndGlobalSection
	GlobalSection(SolutionProperties) = preSolution
		HideSolutionNode = FALSE
	EndGlobalSection
	GlobalSection(ExtensibilityGlobals) = postSolution
		SolutionGuid = {13770D55-18A3-4B8C-B21C-7BC481786CDE}
	EndGlobalSection
EndGlobal
